// !$*UTF8*$!
{
	archiveVersion = 1;
	classes = {
	};
	objectVersion = 55;
	objects = {

/* Begin PBXBuildFile section */
		15654FF82797AD96003A7305 /* OrderlayoutApp.swift in Sources */ = {isa = PBXBuildFile; fileRef = 15654FF72797AD96003A7305 /* OrderlayoutApp.swift */; };
		15654FFA2797AD96003A7305 /* ContentView.swift in Sources */ = {isa = PBXBuildFile; fileRef = 15654FF92797AD96003A7305 /* ContentView.swift */; };
		15654FFC2797AD9B003A7305 /* Assets.xcassets in Resources */ = {isa = PBXBuildFile; fileRef = 15654FFB2797AD9B003A7305 /* Assets.xcassets */; };
		15654FFF2797AD9B003A7305 /* Preview Assets.xcassets in Resources */ = {isa = PBXBuildFile; fileRef = 15654FFE2797AD9B003A7305 /* Preview Assets.xcassets */; };
		4F198D6B2797CE0200E01A7C /* MainTabLayout.swift in Sources */ = {isa = PBXBuildFile; fileRef = 4F198D6A2797CE0200E01A7C /* MainTabLayout.swift */; };
		4F198D6D2797CFC300E01A7C /* TabHeaderView.swift in Sources */ = {isa = PBXBuildFile; fileRef = 4F198D6C2797CFC300E01A7C /* TabHeaderView.swift */; };
		4F198D6F2797CFF100E01A7C /* TabItemGroupView.swift in Sources */ = {isa = PBXBuildFile; fileRef = 4F198D6E2797CFF100E01A7C /* TabItemGroupView.swift */; };
		4F198D712797F48900E01A7C /* Central.swift in Sources */ = {isa = PBXBuildFile; fileRef = 4F198D702797F48900E01A7C /* Central.swift */; };
		4F24BD8827981154007990E1 /* TabItemPage.swift in Sources */ = {isa = PBXBuildFile; fileRef = 4F24BD8727981154007990E1 /* TabItemPage.swift */; };
		4F24BD8A279813B4007990E1 /* TabItemCell.swift in Sources */ = {isa = PBXBuildFile; fileRef = 4F24BD89279813B4007990E1 /* TabItemCell.swift */; };
		4FB31A472798F3AA00D9AFB2 /* Order.swift in Sources */ = {isa = PBXBuildFile; fileRef = 4FB31A462798F3AA00D9AFB2 /* Order.swift */; };
		4FB31A492798F3CC00D9AFB2 /* Page.swift in Sources */ = {isa = PBXBuildFile; fileRef = 4FB31A482798F3CC00D9AFB2 /* Page.swift */; };
		4FB31A4B2798F3D300D9AFB2 /* Cell.swift in Sources */ = {isa = PBXBuildFile; fileRef = 4FB31A4A2798F3D300D9AFB2 /* Cell.swift */; };
		4FB31A4D2798F40600D9AFB2 /* Action.swift in Sources */ = {isa = PBXBuildFile; fileRef = 4FB31A4C2798F40600D9AFB2 /* Action.swift */; };
		4FB31A4F2798F40C00D9AFB2 /* ApplyAction.swift in Sources */ = {isa = PBXBuildFile; fileRef = 4FB31A4E2798F40C00D9AFB2 /* ApplyAction.swift */; };
		4FB31A512798F43400D9AFB2 /* Product.swift in Sources */ = {isa = PBXBuildFile; fileRef = 4FB31A502798F43400D9AFB2 /* Product.swift */; };
		4FB31A532798F44A00D9AFB2 /* TriggerCondition.swift in Sources */ = {isa = PBXBuildFile; fileRef = 4FB31A522798F44A00D9AFB2 /* TriggerCondition.swift */; };
		4FB31A572798F46200D9AFB2 /* MediaURL.swift in Sources */ = {isa = PBXBuildFile; fileRef = 4FB31A562798F46200D9AFB2 /* MediaURL.swift */; };
/* End PBXBuildFile section */

/* Begin PBXFileReference section */
		15654FF42797AD96003A7305 /* Orderlayout.app */ = {isa = PBXFileReference; explicitFileType = wrapper.application; includeInIndex = 0; path = Orderlayout.app; sourceTree = BUILT_PRODUCTS_DIR; };
		15654FF72797AD96003A7305 /* OrderlayoutApp.swift */ = {isa = PBXFileReference; lastKnownFileType = sourcecode.swift; path = OrderlayoutApp.swift; sourceTree = "<group>"; };
		15654FF92797AD96003A7305 /* ContentView.swift */ = {isa = PBXFileReference; lastKnownFileType = sourcecode.swift; path = ContentView.swift; sourceTree = "<group>"; };
		15654FFB2797AD9B003A7305 /* Assets.xcassets */ = {isa = PBXFileReference; lastKnownFileType = folder.assetcatalog; path = Assets.xcassets; sourceTree = "<group>"; };
		15654FFE2797AD9B003A7305 /* Preview Assets.xcassets */ = {isa = PBXFileReference; lastKnownFileType = folder.assetcatalog; path = "Preview Assets.xcassets"; sourceTree = "<group>"; };
		4F198D6A2797CE0200E01A7C /* MainTabLayout.swift */ = {isa = PBXFileReference; lastKnownFileType = sourcecode.swift; path = MainTabLayout.swift; sourceTree = "<group>"; };
		4F198D6C2797CFC300E01A7C /* TabHeaderView.swift */ = {isa = PBXFileReference; lastKnownFileType = sourcecode.swift; path = TabHeaderView.swift; sourceTree = "<group>"; };
		4F198D6E2797CFF100E01A7C /* TabItemGroupView.swift */ = {isa = PBXFileReference; lastKnownFileType = sourcecode.swift; path = TabItemGroupView.swift; sourceTree = "<group>"; };
		4F198D702797F48900E01A7C /* Central.swift */ = {isa = PBXFileReference; lastKnownFileType = sourcecode.swift; path = Central.swift; sourceTree = "<group>"; };
		4F24BD8727981154007990E1 /* TabItemPage.swift */ = {isa = PBXFileReference; lastKnownFileType = sourcecode.swift; path = TabItemPage.swift; sourceTree = "<group>"; };
		4F24BD89279813B4007990E1 /* TabItemCell.swift */ = {isa = PBXFileReference; lastKnownFileType = sourcecode.swift; path = TabItemCell.swift; sourceTree = "<group>"; };
		4FB31A462798F3AA00D9AFB2 /* Order.swift */ = {isa = PBXFileReference; lastKnownFileType = sourcecode.swift; path = Order.swift; sourceTree = "<group>"; };
		4FB31A482798F3CC00D9AFB2 /* Page.swift */ = {isa = PBXFileReference; lastKnownFileType = sourcecode.swift; path = Page.swift; sourceTree = "<group>"; };
		4FB31A4A2798F3D300D9AFB2 /* Cell.swift */ = {isa = PBXFileReference; lastKnownFileType = sourcecode.swift; path = Cell.swift; sourceTree = "<group>"; };
		4FB31A4C2798F40600D9AFB2 /* Action.swift */ = {isa = PBXFileReference; lastKnownFileType = sourcecode.swift; path = Action.swift; sourceTree = "<group>"; };
		4FB31A4E2798F40C00D9AFB2 /* ApplyAction.swift */ = {isa = PBXFileReference; lastKnownFileType = sourcecode.swift; path = ApplyAction.swift; sourceTree = "<group>"; };
		4FB31A502798F43400D9AFB2 /* Product.swift */ = {isa = PBXFileReference; lastKnownFileType = sourcecode.swift; path = Product.swift; sourceTree = "<group>"; };
		4FB31A522798F44A00D9AFB2 /* TriggerCondition.swift */ = {isa = PBXFileReference; lastKnownFileType = sourcecode.swift; path = TriggerCondition.swift; sourceTree = "<group>"; };
		4FB31A562798F46200D9AFB2 /* MediaURL.swift */ = {isa = PBXFileReference; lastKnownFileType = sourcecode.swift; path = MediaURL.swift; sourceTree = "<group>"; };
/* End PBXFileReference section */

/* Begin PBXFrameworksBuildPhase section */
		15654FF12797AD96003A7305 /* Frameworks */ = {
			isa = PBXFrameworksBuildPhase;
			buildActionMask = 2147483647;
			files = (
			);
			runOnlyForDeploymentPostprocessing = 0;
		};
/* End PBXFrameworksBuildPhase section */

/* Begin PBXGroup section */
		15654FEB2797AD96003A7305 = {
			isa = PBXGroup;
			children = (
				15654FF62797AD96003A7305 /* Orderlayout */,
				15654FF52797AD96003A7305 /* Products */,
			);
			sourceTree = "<group>";
		};
		15654FF52797AD96003A7305 /* Products */ = {
			isa = PBXGroup;
			children = (
				15654FF42797AD96003A7305 /* Orderlayout.app */,
			);
			name = Products;
			sourceTree = "<group>";
		};
		15654FF62797AD96003A7305 /* Orderlayout */ = {
			isa = PBXGroup;
			children = (
				4F198D652797CCE900E01A7C /* Layout */,
				15654FF72797AD96003A7305 /* OrderlayoutApp.swift */,
				15654FF92797AD96003A7305 /* ContentView.swift */,
				15654FFB2797AD9B003A7305 /* Assets.xcassets */,
				15654FFD2797AD9B003A7305 /* Preview Content */,
			);
			path = Orderlayout;
			sourceTree = "<group>";
		};
		15654FFD2797AD9B003A7305 /* Preview Content */ = {
			isa = PBXGroup;
			children = (
				15654FFE2797AD9B003A7305 /* Preview Assets.xcassets */,
			);
			path = "Preview Content";
			sourceTree = "<group>";
		};
		4F198D652797CCE900E01A7C /* Layout */ = {
			isa = PBXGroup;
			children = (
				4F198D692797CD2D00E01A7C /* ViewModel */,
				4F198D682797CD2200E01A7C /* Model */,
				4F198D672797CD1B00E01A7C /* Component */,
				4F198D662797CCF200E01A7C /* View */,
			);
			path = Layout;
			sourceTree = "<group>";
		};
		4F198D662797CCF200E01A7C /* View */ = {
			isa = PBXGroup;
			children = (
				4F198D6A2797CE0200E01A7C /* MainTabLayout.swift */,
				4F198D6C2797CFC300E01A7C /* TabHeaderView.swift */,
				4F198D6E2797CFF100E01A7C /* TabItemGroupView.swift */,
			);
			path = View;
			sourceTree = "<group>";
		};
		4F198D672797CD1B00E01A7C /* Component */ = {
			isa = PBXGroup;
			children = (
				4F24BD8727981154007990E1 /* TabItemPage.swift */,
				4F24BD89279813B4007990E1 /* TabItemCell.swift */,
			);
			path = Component;
			sourceTree = "<group>";
		};
		4F198D682797CD2200E01A7C /* Model */ = {
			isa = PBXGroup;
			children = (
				4F198D702797F48900E01A7C /* Central.swift */,
				4FB31A462798F3AA00D9AFB2 /* Order.swift */,
				4FB31A482798F3CC00D9AFB2 /* Page.swift */,
				4FB31A4A2798F3D300D9AFB2 /* Cell.swift */,
				4FB31A4C2798F40600D9AFB2 /* Action.swift */,
				4FB31A4E2798F40C00D9AFB2 /* ApplyAction.swift */,
				4FB31A502798F43400D9AFB2 /* Product.swift */,
				4FB31A522798F44A00D9AFB2 /* TriggerCondition.swift */,
				4FB31A562798F46200D9AFB2 /* MediaURL.swift */,
			);
			path = Model;
			sourceTree = "<group>";
		};
		4F198D692797CD2D00E01A7C /* ViewModel */ = {
			isa = PBXGroup;
			children = (
			);
			path = ViewModel;
			sourceTree = "<group>";
		};
/* End PBXGroup section */

/* Begin PBXNativeTarget section */
		15654FF32797AD96003A7305 /* Orderlayout */ = {
			isa = PBXNativeTarget;
			buildConfigurationList = 156550022797AD9B003A7305 /* Build configuration list for PBXNativeTarget "Orderlayout" */;
			buildPhases = (
				15654FF02797AD96003A7305 /* Sources */,
				15654FF12797AD96003A7305 /* Frameworks */,
				15654FF22797AD96003A7305 /* Resources */,
			);
			buildRules = (
			);
			dependencies = (
			);
			name = Orderlayout;
			productName = Orderlayout;
			productReference = 15654FF42797AD96003A7305 /* Orderlayout.app */;
			productType = "com.apple.product-type.application";
		};
/* End PBXNativeTarget section */

/* Begin PBXProject section */
		15654FEC2797AD96003A7305 /* Project object */ = {
			isa = PBXProject;
			attributes = {
				BuildIndependentTargetsInParallel = 1;
				LastSwiftUpdateCheck = 1310;
				LastUpgradeCheck = 1310;
				TargetAttributes = {
					15654FF32797AD96003A7305 = {
						CreatedOnToolsVersion = 13.1;
					};
				};
			};
			buildConfigurationList = 15654FEF2797AD96003A7305 /* Build configuration list for PBXProject "Orderlayout" */;
			compatibilityVersion = "Xcode 13.0";
			developmentRegion = en;
			hasScannedForEncodings = 0;
			knownRegions = (
				en,
				Base,
			);
			mainGroup = 15654FEB2797AD96003A7305;
			productRefGroup = 15654FF52797AD96003A7305 /* Products */;
			projectDirPath = "";
			projectRoot = "";
			targets = (
				15654FF32797AD96003A7305 /* Orderlayout */,
			);
		};
/* End PBXProject section */

/* Begin PBXResourcesBuildPhase section */
		15654FF22797AD96003A7305 /* Resources */ = {
			isa = PBXResourcesBuildPhase;
			buildActionMask = 2147483647;
			files = (
				15654FFF2797AD9B003A7305 /* Preview Assets.xcassets in Resources */,
				15654FFC2797AD9B003A7305 /* Assets.xcassets in Resources */,
			);
			runOnlyForDeploymentPostprocessing = 0;
		};
/* End PBXResourcesBuildPhase section */

/* Begin PBXSourcesBuildPhase section */
		15654FF02797AD96003A7305 /* Sources */ = {
			isa = PBXSourcesBuildPhase;
			buildActionMask = 2147483647;
			files = (
				4FB31A4F2798F40C00D9AFB2 /* ApplyAction.swift in Sources */,
				4FB31A532798F44A00D9AFB2 /* TriggerCondition.swift in Sources */,
				4F198D6F2797CFF100E01A7C /* TabItemGroupView.swift in Sources */,
				4FB31A4D2798F40600D9AFB2 /* Action.swift in Sources */,
				15654FFA2797AD96003A7305 /* ContentView.swift in Sources */,
				4F24BD8A279813B4007990E1 /* TabItemCell.swift in Sources */,
				4FB31A472798F3AA00D9AFB2 /* Order.swift in Sources */,
				4FB31A492798F3CC00D9AFB2 /* Page.swift in Sources */,
				4F198D6D2797CFC300E01A7C /* TabHeaderView.swift in Sources */,
				4F198D6B2797CE0200E01A7C /* MainTabLayout.swift in Sources */,
				15654FF82797AD96003A7305 /* OrderlayoutApp.swift in Sources */,
				4FB31A4B2798F3D300D9AFB2 /* Cell.swift in Sources */,
				4FB31A572798F46200D9AFB2 /* MediaURL.swift in Sources */,
				4F24BD8827981154007990E1 /* TabItemPage.swift in Sources */,
				4F198D712797F48900E01A7C /* Central.swift in Sources */,
				4FB31A512798F43400D9AFB2 /* Product.swift in Sources */,
			);
			runOnlyForDeploymentPostprocessing = 0;
		};
/* End PBXSourcesBuildPhase section */

/* Begin XCBuildConfiguration section */
		156550002797AD9B003A7305 /* Debug */ = {
			isa = XCBuildConfiguration;
			buildSettings = {
				ALWAYS_SEARCH_USER_PATHS = NO;
				CLANG_ANALYZER_NONNULL = YES;
				CLANG_ANALYZER_NUMBER_OBJECT_CONVERSION = YES_AGGRESSIVE;
				CLANG_CXX_LANGUAGE_STANDARD = "gnu++17";
				CLANG_CXX_LIBRARY = "libc++";
				CLANG_ENABLE_MODULES = YES;
				CLANG_ENABLE_OBJC_ARC = YES;
				CLANG_ENABLE_OBJC_WEAK = YES;
				CLANG_WARN_BLOCK_CAPTURE_AUTORELEASING = YES;
				CLANG_WARN_BOOL_CONVERSION = YES;
				CLANG_WARN_COMMA = YES;
				CLANG_WARN_CONSTANT_CONVERSION = YES;
				CLANG_WARN_DEPRECATED_OBJC_IMPLEMENTATIONS = YES;
				CLANG_WARN_DIRECT_OBJC_ISA_USAGE = YES_ERROR;
				CLANG_WARN_DOCUMENTATION_COMMENTS = YES;
				CLANG_WARN_EMPTY_BODY = YES;
				CLANG_WARN_ENUM_CONVERSION = YES;
				CLANG_WARN_INFINITE_RECURSION = YES;
				CLANG_WARN_INT_CONVERSION = YES;
				CLANG_WARN_NON_LITERAL_NULL_CONVERSION = YES;
				CLANG_WARN_OBJC_IMPLICIT_RETAIN_SELF = YES;
				CLANG_WARN_OBJC_LITERAL_CONVERSION = YES;
				CLANG_WARN_OBJC_ROOT_CLASS = YES_ERROR;
				CLANG_WARN_QUOTED_INCLUDE_IN_FRAMEWORK_HEADER = YES;
				CLANG_WARN_RANGE_LOOP_ANALYSIS = YES;
				CLANG_WARN_STRICT_PROTOTYPES = YES;
				CLANG_WARN_SUSPICIOUS_MOVE = YES;
				CLANG_WARN_UNGUARDED_AVAILABILITY = YES_AGGRESSIVE;
				CLANG_WARN_UNREACHABLE_CODE = YES;
				CLANG_WARN__DUPLICATE_METHOD_MATCH = YES;
				COPY_PHASE_STRIP = NO;
				DEBUG_INFORMATION_FORMAT = dwarf;
				ENABLE_STRICT_OBJC_MSGSEND = YES;
				ENABLE_TESTABILITY = YES;
				GCC_C_LANGUAGE_STANDARD = gnu11;
				GCC_DYNAMIC_NO_PIC = NO;
				GCC_NO_COMMON_BLOCKS = YES;
				GCC_OPTIMIZATION_LEVEL = 0;
				GCC_PREPROCESSOR_DEFINITIONS = (
					"DEBUG=1",
					"$(inherited)",
				);
				GCC_WARN_64_TO_32_BIT_CONVERSION = YES;
				GCC_WARN_ABOUT_RETURN_TYPE = YES_ERROR;
				GCC_WARN_UNDECLARED_SELECTOR = YES;
				GCC_WARN_UNINITIALIZED_AUTOS = YES_AGGRESSIVE;
				GCC_WARN_UNUSED_FUNCTION = YES;
				GCC_WARN_UNUSED_VARIABLE = YES;
				IPHONEOS_DEPLOYMENT_TARGET = 15.0;
				MTL_ENABLE_DEBUG_INFO = INCLUDE_SOURCE;
				MTL_FAST_MATH = YES;
				ONLY_ACTIVE_ARCH = YES;
				SDKROOT = iphoneos;
				SWIFT_ACTIVE_COMPILATION_CONDITIONS = DEBUG;
				SWIFT_OPTIMIZATION_LEVEL = "-Onone";
			};
			name = Debug;
		};
		156550012797AD9B003A7305 /* Release */ = {
			isa = XCBuildConfiguration;
			buildSettings = {
				ALWAYS_SEARCH_USER_PATHS = NO;
				CLANG_ANALYZER_NONNULL = YES;
				CLANG_ANALYZER_NUMBER_OBJECT_CONVERSION = YES_AGGRESSIVE;
				CLANG_CXX_LANGUAGE_STANDARD = "gnu++17";
				CLANG_CXX_LIBRARY = "libc++";
				CLANG_ENABLE_MODULES = YES;
				CLANG_ENABLE_OBJC_ARC = YES;
				CLANG_ENABLE_OBJC_WEAK = YES;
				CLANG_WARN_BLOCK_CAPTURE_AUTORELEASING = YES;
				CLANG_WARN_BOOL_CONVERSION = YES;
				CLANG_WARN_COMMA = YES;
				CLANG_WARN_CONSTANT_CONVERSION = YES;
				CLANG_WARN_DEPRECATED_OBJC_IMPLEMENTATIONS = YES;
				CLANG_WARN_DIRECT_OBJC_ISA_USAGE = YES_ERROR;
				CLANG_WARN_DOCUMENTATION_COMMENTS = YES;
				CLANG_WARN_EMPTY_BODY = YES;
				CLANG_WARN_ENUM_CONVERSION = YES;
				CLANG_WARN_INFINITE_RECURSION = YES;
				CLANG_WARN_INT_CONVERSION = YES;
				CLANG_WARN_NON_LITERAL_NULL_CONVERSION = YES;
				CLANG_WARN_OBJC_IMPLICIT_RETAIN_SELF = YES;
				CLANG_WARN_OBJC_LITERAL_CONVERSION = YES;
				CLANG_WARN_OBJC_ROOT_CLASS = YES_ERROR;
				CLANG_WARN_QUOTED_INCLUDE_IN_FRAMEWORK_HEADER = YES;
				CLANG_WARN_RANGE_LOOP_ANALYSIS = YES;
				CLANG_WARN_STRICT_PROTOTYPES = YES;
				CLANG_WARN_SUSPICIOUS_MOVE = YES;
				CLANG_WARN_UNGUARDED_AVAILABILITY = YES_AGGRESSIVE;
				CLANG_WARN_UNREACHABLE_CODE = YES;
				CLANG_WARN__DUPLICATE_METHOD_MATCH = YES;
				COPY_PHASE_STRIP = NO;
				DEBUG_INFORMATION_FORMAT = "dwarf-with-dsym";
				ENABLE_NS_ASSERTIONS = NO;
				ENABLE_STRICT_OBJC_MSGSEND = YES;
				GCC_C_LANGUAGE_STANDARD = gnu11;
				GCC_NO_COMMON_BLOCKS = YES;
				GCC_WARN_64_TO_32_BIT_CONVERSION = YES;
				GCC_WARN_ABOUT_RETURN_TYPE = YES_ERROR;
				GCC_WARN_UNDECLARED_SELECTOR = YES;
				GCC_WARN_UNINITIALIZED_AUTOS = YES_AGGRESSIVE;
				GCC_WARN_UNUSED_FUNCTION = YES;
				GCC_WARN_UNUSED_VARIABLE = YES;
				IPHONEOS_DEPLOYMENT_TARGET = 15.0;
				MTL_ENABLE_DEBUG_INFO = NO;
				MTL_FAST_MATH = YES;
				SDKROOT = iphoneos;
				SWIFT_COMPILATION_MODE = wholemodule;
				SWIFT_OPTIMIZATION_LEVEL = "-O";
				VALIDATE_PRODUCT = YES;
			};
			name = Release;
		};
		156550032797AD9B003A7305 /* Debug */ = {
			isa = XCBuildConfiguration;
			buildSettings = {
				ASSETCATALOG_COMPILER_APPICON_NAME = AppIcon;
				ASSETCATALOG_COMPILER_GLOBAL_ACCENT_COLOR_NAME = AccentColor;
				CODE_SIGN_STYLE = Automatic;
				CURRENT_PROJECT_VERSION = 1;
				DEVELOPMENT_ASSET_PATHS = "\"Orderlayout/Preview Content\"";
				DEVELOPMENT_TEAM = 7778Y2522V;
				ENABLE_PREVIEWS = YES;
				GENERATE_INFOPLIST_FILE = YES;
				INFOPLIST_KEY_UIApplicationSceneManifest_Generation = YES;
				INFOPLIST_KEY_UIApplicationSupportsIndirectInputEvents = YES;
				INFOPLIST_KEY_UILaunchScreen_Generation = YES;
				INFOPLIST_KEY_UISupportedInterfaceOrientations_iPad = "UIInterfaceOrientationPortrait UIInterfaceOrientationPortraitUpsideDown UIInterfaceOrientationLandscapeLeft UIInterfaceOrientationLandscapeRight";
				INFOPLIST_KEY_UISupportedInterfaceOrientations_iPhone = "UIInterfaceOrientationPortrait UIInterfaceOrientationLandscapeLeft UIInterfaceOrientationLandscapeRight";
				LD_RUNPATH_SEARCH_PATHS = (
					"$(inherited)",
					"@executable_path/Frameworks",
				);
				MARKETING_VERSION = 1.0;
				PRODUCT_BUNDLE_IDENTIFIER = com.slurp.Orderlayout;
				PRODUCT_NAME = "$(TARGET_NAME)";
				SWIFT_EMIT_LOC_STRINGS = YES;
				SWIFT_VERSION = 5.0;
				TARGETED_DEVICE_FAMILY = "1,2";
			};
			name = Debug;
		};
		156550042797AD9B003A7305 /* Release */ = {
			isa = XCBuildConfiguration;
			buildSettings = {
				ASSETCATALOG_COMPILER_APPICON_NAME = AppIcon;
				ASSETCATALOG_COMPILER_GLOBAL_ACCENT_COLOR_NAME = AccentColor;
				CODE_SIGN_STYLE = Automatic;
				CURRENT_PROJECT_VERSION = 1;
				DEVELOPMENT_ASSET_PATHS = "\"Orderlayout/Preview Content\"";
				DEVELOPMENT_TEAM = 7778Y2522V;
				ENABLE_PREVIEWS = YES;
				GENERATE_INFOPLIST_FILE = YES;
				INFOPLIST_KEY_UIApplicationSceneManifest_Generation = YES;
				INFOPLIST_KEY_UIApplicationSupportsIndirectInputEvents = YES;
				INFOPLIST_KEY_UILaunchScreen_Generation = YES;
				INFOPLIST_KEY_UISupportedInterfaceOrientations_iPad = "UIInterfaceOrientationPortrait UIInterfaceOrientationPortraitUpsideDown UIInterfaceOrientationLandscapeLeft UIInterfaceOrientationLandscapeRight";
				INFOPLIST_KEY_UISupportedInterfaceOrientations_iPhone = "UIInterfaceOrientationPortrait UIInterfaceOrientationLandscapeLeft UIInterfaceOrientationLandscapeRight";
				LD_RUNPATH_SEARCH_PATHS = (
					"$(inherited)",
					"@executable_path/Frameworks",
				);
				MARKETING_VERSION = 1.0;
				PRODUCT_BUNDLE_IDENTIFIER = com.slurp.Orderlayout;
				PRODUCT_NAME = "$(TARGET_NAME)";
				SWIFT_EMIT_LOC_STRINGS = YES;
				SWIFT_VERSION = 5.0;
				TARGETED_DEVICE_FAMILY = "1,2";
			};
			name = Release;
		};
/* End XCBuildConfiguration section */

/* Begin XCConfigurationList section */
		15654FEF2797AD96003A7305 /* Build configuration list for PBXProject "Orderlayout" */ = {
			isa = XCConfigurationList;
			buildConfigurations = (
				156550002797AD9B003A7305 /* Debug */,
				156550012797AD9B003A7305 /* Release */,
			);
			defaultConfigurationIsVisible = 0;
			defaultConfigurationName = Release;
		};
		156550022797AD9B003A7305 /* Build configuration list for PBXNativeTarget "Orderlayout" */ = {
			isa = XCConfigurationList;
			buildConfigurations = (
				156550032797AD9B003A7305 /* Debug */,
				156550042797AD9B003A7305 /* Release */,
			);
			defaultConfigurationIsVisible = 0;
			defaultConfigurationName = Release;
		};
/* End XCConfigurationList section */
	};
	rootObject = 15654FEC2797AD96003A7305 /* Project object */;
}
