// !$*UTF8*$!
{
	archiveVersion = 1;
	classes = {
	};
	objectVersion = 55;
	objects = {

/* Begin PBXBuildFile section */
		15654FF82797AD96003A7305 /* OrderlayoutApp.swift in Sources */ = {isa = PBXBuildFile; fileRef = 15654FF72797AD96003A7305 /* OrderlayoutApp.swift */; };
		15654FFA2797AD96003A7305 /* ContentView.swift in Sources */ = {isa = PBXBuildFile; fileRef = 15654FF92797AD96003A7305 /* ContentView.swift */; };
		15654FFC2797AD9B003A7305 /* Assets.xcassets in Resources */ = {isa = PBXBuildFile; fileRef = 15654FFB2797AD9B003A7305 /* Assets.xcassets */; };
		15654FFF2797AD9B003A7305 /* Preview Assets.xcassets in Resources */ = {isa = PBXBuildFile; fileRef = 15654FFE2797AD9B003A7305 /* Preview Assets.xcassets */; };
		D20BAD07279E4150002C30D2 /* OrderLayoutModel.swift in Sources */ = {isa = PBXBuildFile; fileRef = D20BAD06279E4150002C30D2 /* OrderLayoutModel.swift */; };
		D20BAD0A279E41D8002C30D2 /* Json in Frameworks */ = {isa = PBXBuildFile; productRef = D20BAD09279E41D8002C30D2 /* Json */; };
		D20BAD0C279E41D8002C30D2 /* Request in Frameworks */ = {isa = PBXBuildFile; productRef = D20BAD0B279E41D8002C30D2 /* Request */; };
/* End PBXBuildFile section */

/* Begin PBXFileReference section */
		15654FF42797AD96003A7305 /* Orderlayout.app */ = {isa = PBXFileReference; explicitFileType = wrapper.application; includeInIndex = 0; path = Orderlayout.app; sourceTree = BUILT_PRODUCTS_DIR; };
		15654FF72797AD96003A7305 /* OrderlayoutApp.swift */ = {isa = PBXFileReference; lastKnownFileType = sourcecode.swift; path = OrderlayoutApp.swift; sourceTree = "<group>"; };
		15654FF92797AD96003A7305 /* ContentView.swift */ = {isa = PBXFileReference; lastKnownFileType = sourcecode.swift; path = ContentView.swift; sourceTree = "<group>"; };
		15654FFB2797AD9B003A7305 /* Assets.xcassets */ = {isa = PBXFileReference; lastKnownFileType = folder.assetcatalog; path = Assets.xcassets; sourceTree = "<group>"; };
		15654FFE2797AD9B003A7305 /* Preview Assets.xcassets */ = {isa = PBXFileReference; lastKnownFileType = folder.assetcatalog; path = "Preview Assets.xcassets"; sourceTree = "<group>"; };
		D20BAD06279E4150002C30D2 /* OrderLayoutModel.swift */ = {isa = PBXFileReference; lastKnownFileType = sourcecode.swift; path = OrderLayoutModel.swift; sourceTree = "<group>"; };
/* End PBXFileReference section */

/* Begin PBXFrameworksBuildPhase section */
		15654FF12797AD96003A7305 /* Frameworks */ = {
			isa = PBXFrameworksBuildPhase;
			buildActionMask = 2147483647;
			files = (
				D20BAD0C279E41D8002C30D2 /* Request in Frameworks */,
				D20BAD0A279E41D8002C30D2 /* Json in Frameworks */,
			);
			runOnlyForDeploymentPostprocessing = 0;
		};
/* End PBXFrameworksBuildPhase section */

/* Begin PBXGroup section */
		15654FEB2797AD96003A7305 = {
			isa = PBXGroup;
			children = (
				15654FF62797AD96003A7305 /* Orderlayout */,
				15654FF52797AD96003A7305 /* Products */,
			);
			sourceTree = "<group>";
		};
		15654FF52797AD96003A7305 /* Products */ = {
			isa = PBXGroup;
			children = (
				15654FF42797AD96003A7305 /* Orderlayout.app */,
			);
			name = Products;
			sourceTree = "<group>";
		};
		15654FF62797AD96003A7305 /* Orderlayout */ = {
			isa = PBXGroup;
			children = (
				D20BAD05279E4114002C30D2 /* ModelView */,
				D20BAD04279E4109002C30D2 /* Model */,
				15654FF72797AD96003A7305 /* OrderlayoutApp.swift */,
				15654FF92797AD96003A7305 /* ContentView.swift */,
				15654FFB2797AD9B003A7305 /* Assets.xcassets */,
				15654FFD2797AD9B003A7305 /* Preview Content */,
			);
			path = Orderlayout;
			sourceTree = "<group>";
		};
		15654FFD2797AD9B003A7305 /* Preview Content */ = {
			isa = PBXGroup;
			children = (
				15654FFE2797AD9B003A7305 /* Preview Assets.xcassets */,
			);
			path = "Preview Content";
			sourceTree = "<group>";
		};
		D20BAD04279E4109002C30D2 /* Model */ = {
			isa = PBXGroup;
			children = (
				D20BAD06279E4150002C30D2 /* OrderLayoutModel.swift */,
			);
			path = Model;
			sourceTree = "<group>";
		};
		D20BAD05279E4114002C30D2 /* ModelView */ = {
			isa = PBXGroup;
			children = (
			);
			path = ModelView;
			sourceTree = "<group>";
		};
/* End PBXGroup section */

/* Begin PBXNativeTarget section */
		15654FF32797AD96003A7305 /* Orderlayout */ = {
			isa = PBXNativeTarget;
			buildConfigurationList = 156550022797AD9B003A7305 /* Build configuration list for PBXNativeTarget "Orderlayout" */;
			buildPhases = (
				15654FF02797AD96003A7305 /* Sources */,
				15654FF12797AD96003A7305 /* Frameworks */,
				15654FF22797AD96003A7305 /* Resources */,
			);
			buildRules = (
			);
			dependencies = (
			);
			name = Orderlayout;
			packageProductDependencies = (
				D20BAD09279E41D8002C30D2 /* Json */,
				D20BAD0B279E41D8002C30D2 /* Request */,
			);
			productName = Orderlayout;
			productReference = 15654FF42797AD96003A7305 /* Orderlayout.app */;
			productType = "com.apple.product-type.application";
		};
/* End PBXNativeTarget section */

/* Begin PBXProject section */
		15654FEC2797AD96003A7305 /* Project object */ = {
			isa = PBXProject;
			attributes = {
				BuildIndependentTargetsInParallel = 1;
				LastSwiftUpdateCheck = 1310;
				LastUpgradeCheck = 1310;
				TargetAttributes = {
					15654FF32797AD96003A7305 = {
						CreatedOnToolsVersion = 13.1;
					};
				};
			};
			buildConfigurationList = 15654FEF2797AD96003A7305 /* Build configuration list for PBXProject "Orderlayout" */;
			compatibilityVersion = "Xcode 13.0";
			developmentRegion = en;
			hasScannedForEncodings = 0;
			knownRegions = (
				en,
				Base,
			);
			mainGroup = 15654FEB2797AD96003A7305;
			packageReferences = (
				D20BAD08279E41D8002C30D2 /* XCRemoteSwiftPackageReference "swift-request" */,
			);
			productRefGroup = 15654FF52797AD96003A7305 /* Products */;
			projectDirPath = "";
			projectRoot = "";
			targets = (
				15654FF32797AD96003A7305 /* Orderlayout */,
			);
		};
/* End PBXProject section */

/* Begin PBXResourcesBuildPhase section */
		15654FF22797AD96003A7305 /* Resources */ = {
			isa = PBXResourcesBuildPhase;
			buildActionMask = 2147483647;
			files = (
				15654FFF2797AD9B003A7305 /* Preview Assets.xcassets in Resources */,
				15654FFC2797AD9B003A7305 /* Assets.xcassets in Resources */,
			);
			runOnlyForDeploymentPostprocessing = 0;
		};
/* End PBXResourcesBuildPhase section */

/* Begin PBXSourcesBuildPhase section */
		15654FF02797AD96003A7305 /* Sources */ = {
			isa = PBXSourcesBuildPhase;
			buildActionMask = 2147483647;
			files = (
				15654FFA2797AD96003A7305 /* ContentView.swift in Sources */,
				D20BAD07279E4150002C30D2 /* OrderLayoutModel.swift in Sources */,
				15654FF82797AD96003A7305 /* OrderlayoutApp.swift in Sources */,
			);
			runOnlyForDeploymentPostprocessing = 0;
		};
/* End PBXSourcesBuildPhase section */

/* Begin XCBuildConfiguration section */
		156550002797AD9B003A7305 /* Debug */ = {
			isa = XCBuildConfiguration;
			buildSettings = {
				ALWAYS_SEARCH_USER_PATHS = NO;
				CLANG_ANALYZER_NONNULL = YES;
				CLANG_ANALYZER_NUMBER_OBJECT_CONVERSION = YES_AGGRESSIVE;
				CLANG_CXX_LANGUAGE_STANDARD = "gnu++17";
				CLANG_CXX_LIBRARY = "libc++";
				CLANG_ENABLE_MODULES = YES;
				CLANG_ENABLE_OBJC_ARC = YES;
				CLANG_ENABLE_OBJC_WEAK = YES;
				CLANG_WARN_BLOCK_CAPTURE_AUTORELEASING = YES;
				CLANG_WARN_BOOL_CONVERSION = YES;
				CLANG_WARN_COMMA = YES;
				CLANG_WARN_CONSTANT_CONVERSION = YES;
				CLANG_WARN_DEPRECATED_OBJC_IMPLEMENTATIONS = YES;
				CLANG_WARN_DIRECT_OBJC_ISA_USAGE = YES_ERROR;
				CLANG_WARN_DOCUMENTATION_COMMENTS = YES;
				CLANG_WARN_EMPTY_BODY = YES;
				CLANG_WARN_ENUM_CONVERSION = YES;
				CLANG_WARN_INFINITE_RECURSION = YES;
				CLANG_WARN_INT_CONVERSION = YES;
				CLANG_WARN_NON_LITERAL_NULL_CONVERSION = YES;
				CLANG_WARN_OBJC_IMPLICIT_RETAIN_SELF = YES;
				CLANG_WARN_OBJC_LITERAL_CONVERSION = YES;
				CLANG_WARN_OBJC_ROOT_CLASS = YES_ERROR;
				CLANG_WARN_QUOTED_INCLUDE_IN_FRAMEWORK_HEADER = YES;
				CLANG_WARN_RANGE_LOOP_ANALYSIS = YES;
				CLANG_WARN_STRICT_PROTOTYPES = YES;
				CLANG_WARN_SUSPICIOUS_MOVE = YES;
				CLANG_WARN_UNGUARDED_AVAILABILITY = YES_AGGRESSIVE;
				CLANG_WARN_UNREACHABLE_CODE = YES;
				CLANG_WARN__DUPLICATE_METHOD_MATCH = YES;
				COPY_PHASE_STRIP = NO;
				DEBUG_INFORMATION_FORMAT = dwarf;
				ENABLE_STRICT_OBJC_MSGSEND = YES;
				ENABLE_TESTABILITY = YES;
				GCC_C_LANGUAGE_STANDARD = gnu11;
				GCC_DYNAMIC_NO_PIC = NO;
				GCC_NO_COMMON_BLOCKS = YES;
				GCC_OPTIMIZATION_LEVEL = 0;
				GCC_PREPROCESSOR_DEFINITIONS = (
					"DEBUG=1",
					"$(inherited)",
				);
				GCC_WARN_64_TO_32_BIT_CONVERSION = YES;
				GCC_WARN_ABOUT_RETURN_TYPE = YES_ERROR;
				GCC_WARN_UNDECLARED_SELECTOR = YES;
				GCC_WARN_UNINITIALIZED_AUTOS = YES_AGGRESSIVE;
				GCC_WARN_UNUSED_FUNCTION = YES;
				GCC_WARN_UNUSED_VARIABLE = YES;
				IPHONEOS_DEPLOYMENT_TARGET = 15.0;
				MTL_ENABLE_DEBUG_INFO = INCLUDE_SOURCE;
				MTL_FAST_MATH = YES;
				ONLY_ACTIVE_ARCH = YES;
				SDKROOT = iphoneos;
				SWIFT_ACTIVE_COMPILATION_CONDITIONS = DEBUG;
				SWIFT_OPTIMIZATION_LEVEL = "-Onone";
			};
			name = Debug;
		};
		156550012797AD9B003A7305 /* Release */ = {
			isa = XCBuildConfiguration;
			buildSettings = {
				ALWAYS_SEARCH_USER_PATHS = NO;
				CLANG_ANALYZER_NONNULL = YES;
				CLANG_ANALYZER_NUMBER_OBJECT_CONVERSION = YES_AGGRESSIVE;
				CLANG_CXX_LANGUAGE_STANDARD = "gnu++17";
				CLANG_CXX_LIBRARY = "libc++";
				CLANG_ENABLE_MODULES = YES;
				CLANG_ENABLE_OBJC_ARC = YES;
				CLANG_ENABLE_OBJC_WEAK = YES;
				CLANG_WARN_BLOCK_CAPTURE_AUTORELEASING = YES;
				CLANG_WARN_BOOL_CONVERSION = YES;
				CLANG_WARN_COMMA = YES;
				CLANG_WARN_CONSTANT_CONVERSION = YES;
				CLANG_WARN_DEPRECATED_OBJC_IMPLEMENTATIONS = YES;
				CLANG_WARN_DIRECT_OBJC_ISA_USAGE = YES_ERROR;
				CLANG_WARN_DOCUMENTATION_COMMENTS = YES;
				CLANG_WARN_EMPTY_BODY = YES;
				CLANG_WARN_ENUM_CONVERSION = YES;
				CLANG_WARN_INFINITE_RECURSION = YES;
				CLANG_WARN_INT_CONVERSION = YES;
				CLANG_WARN_NON_LITERAL_NULL_CONVERSION = YES;
				CLANG_WARN_OBJC_IMPLICIT_RETAIN_SELF = YES;
				CLANG_WARN_OBJC_LITERAL_CONVERSION = YES;
				CLANG_WARN_OBJC_ROOT_CLASS = YES_ERROR;
				CLANG_WARN_QUOTED_INCLUDE_IN_FRAMEWORK_HEADER = YES;
				CLANG_WARN_RANGE_LOOP_ANALYSIS = YES;
				CLANG_WARN_STRICT_PROTOTYPES = YES;
				CLANG_WARN_SUSPICIOUS_MOVE = YES;
				CLANG_WARN_UNGUARDED_AVAILABILITY = YES_AGGRESSIVE;
				CLANG_WARN_UNREACHABLE_CODE = YES;
				CLANG_WARN__DUPLICATE_METHOD_MATCH = YES;
				COPY_PHASE_STRIP = NO;
				DEBUG_INFORMATION_FORMAT = "dwarf-with-dsym";
				ENABLE_NS_ASSERTIONS = NO;
				ENABLE_STRICT_OBJC_MSGSEND = YES;
				GCC_C_LANGUAGE_STANDARD = gnu11;
				GCC_NO_COMMON_BLOCKS = YES;
				GCC_WARN_64_TO_32_BIT_CONVERSION = YES;
				GCC_WARN_ABOUT_RETURN_TYPE = YES_ERROR;
				GCC_WARN_UNDECLARED_SELECTOR = YES;
				GCC_WARN_UNINITIALIZED_AUTOS = YES_AGGRESSIVE;
				GCC_WARN_UNUSED_FUNCTION = YES;
				GCC_WARN_UNUSED_VARIABLE = YES;
				IPHONEOS_DEPLOYMENT_TARGET = 15.0;
				MTL_ENABLE_DEBUG_INFO = NO;
				MTL_FAST_MATH = YES;
				SDKROOT = iphoneos;
				SWIFT_COMPILATION_MODE = wholemodule;
				SWIFT_OPTIMIZATION_LEVEL = "-O";
				VALIDATE_PRODUCT = YES;
			};
			name = Release;
		};
		156550032797AD9B003A7305 /* Debug */ = {
			isa = XCBuildConfiguration;
			buildSettings = {
				ASSETCATALOG_COMPILER_APPICON_NAME = AppIcon;
				ASSETCATALOG_COMPILER_GLOBAL_ACCENT_COLOR_NAME = AccentColor;
				CODE_SIGN_STYLE = Automatic;
				CURRENT_PROJECT_VERSION = 1;
				DEVELOPMENT_ASSET_PATHS = "\"Orderlayout/Preview Content\"";
				DEVELOPMENT_TEAM = 7778Y2522V;
				ENABLE_PREVIEWS = YES;
				GENERATE_INFOPLIST_FILE = YES;
				INFOPLIST_KEY_UIApplicationSceneManifest_Generation = YES;
				INFOPLIST_KEY_UIApplicationSupportsIndirectInputEvents = YES;
				INFOPLIST_KEY_UILaunchScreen_Generation = YES;
				INFOPLIST_KEY_UISupportedInterfaceOrientations_iPad = "UIInterfaceOrientationPortrait UIInterfaceOrientationPortraitUpsideDown UIInterfaceOrientationLandscapeLeft UIInterfaceOrientationLandscapeRight";
				INFOPLIST_KEY_UISupportedInterfaceOrientations_iPhone = "UIInterfaceOrientationPortrait UIInterfaceOrientationLandscapeLeft UIInterfaceOrientationLandscapeRight";
				LD_RUNPATH_SEARCH_PATHS = (
					"$(inherited)",
					"@executable_path/Frameworks",
				);
				MARKETING_VERSION = 1.0;
				PRODUCT_BUNDLE_IDENTIFIER = com.slurp.Orderlayout;
				PRODUCT_NAME = "$(TARGET_NAME)";
				SWIFT_EMIT_LOC_STRINGS = YES;
				SWIFT_VERSION = 5.0;
				TARGETED_DEVICE_FAMILY = "1,2";
			};
			name = Debug;
		};
		156550042797AD9B003A7305 /* Release */ = {
			isa = XCBuildConfiguration;
			buildSettings = {
				ASSETCATALOG_COMPILER_APPICON_NAME = AppIcon;
				ASSETCATALOG_COMPILER_GLOBAL_ACCENT_COLOR_NAME = AccentColor;
				CODE_SIGN_STYLE = Automatic;
				CURRENT_PROJECT_VERSION = 1;
				DEVELOPMENT_ASSET_PATHS = "\"Orderlayout/Preview Content\"";
				DEVELOPMENT_TEAM = 7778Y2522V;
				ENABLE_PREVIEWS = YES;
				GENERATE_INFOPLIST_FILE = YES;
				INFOPLIST_KEY_UIApplicationSceneManifest_Generation = YES;
				INFOPLIST_KEY_UIApplicationSupportsIndirectInputEvents = YES;
				INFOPLIST_KEY_UILaunchScreen_Generation = YES;
				INFOPLIST_KEY_UISupportedInterfaceOrientations_iPad = "UIInterfaceOrientationPortrait UIInterfaceOrientationPortraitUpsideDown UIInterfaceOrientationLandscapeLeft UIInterfaceOrientationLandscapeRight";
				INFOPLIST_KEY_UISupportedInterfaceOrientations_iPhone = "UIInterfaceOrientationPortrait UIInterfaceOrientationLandscapeLeft UIInterfaceOrientationLandscapeRight";
				LD_RUNPATH_SEARCH_PATHS = (
					"$(inherited)",
					"@executable_path/Frameworks",
				);
				MARKETING_VERSION = 1.0;
				PRODUCT_BUNDLE_IDENTIFIER = com.slurp.Orderlayout;
				PRODUCT_NAME = "$(TARGET_NAME)";
				SWIFT_EMIT_LOC_STRINGS = YES;
				SWIFT_VERSION = 5.0;
				TARGETED_DEVICE_FAMILY = "1,2";
			};
			name = Release;
		};
/* End XCBuildConfiguration section */

/* Begin XCConfigurationList section */
		15654FEF2797AD96003A7305 /* Build configuration list for PBXProject "Orderlayout" */ = {
			isa = XCConfigurationList;
			buildConfigurations = (
				156550002797AD9B003A7305 /* Debug */,
				156550012797AD9B003A7305 /* Release */,
			);
			defaultConfigurationIsVisible = 0;
			defaultConfigurationName = Release;
		};
		156550022797AD9B003A7305 /* Build configuration list for PBXNativeTarget "Orderlayout" */ = {
			isa = XCConfigurationList;
			buildConfigurations = (
				156550032797AD9B003A7305 /* Debug */,
				156550042797AD9B003A7305 /* Release */,
			);
			defaultConfigurationIsVisible = 0;
			defaultConfigurationName = Release;
		};
/* End XCConfigurationList section */

/* Begin XCRemoteSwiftPackageReference section */
		D20BAD08279E41D8002C30D2 /* XCRemoteSwiftPackageReference "swift-request" */ = {
			isa = XCRemoteSwiftPackageReference;
			repositoryURL = "https://github.com/carson-katri/swift-request";
			requirement = {
				kind = upToNextMajorVersion;
				minimumVersion = 1.0.0;
			};
		};
/* End XCRemoteSwiftPackageReference section */

/* Begin XCSwiftPackageProductDependency section */
		D20BAD09279E41D8002C30D2 /* Json */ = {
			isa = XCSwiftPackageProductDependency;
			package = D20BAD08279E41D8002C30D2 /* XCRemoteSwiftPackageReference "swift-request" */;
			productName = Json;
		};
		D20BAD0B279E41D8002C30D2 /* Request */ = {
			isa = XCSwiftPackageProductDependency;
			package = D20BAD08279E41D8002C30D2 /* XCRemoteSwiftPackageReference "swift-request" */;
			productName = Request;
		};
/* End XCSwiftPackageProductDependency section */
	};
	rootObject = 15654FEC2797AD96003A7305 /* Project object */;
}
